{
  "version": 4,
  "terraform_version": "1.4.6",
  "serial": 85,
  "lineage": "5937487b-2459-5eaa-bec1-e3e477463d9e",
  "outputs": {
    "DEV-ID": {
      "value": "/subscriptions/bda1d655-d024-4bd8-833c-1e832ad399ab/resourceGroups/baptiste-dev-rg/providers/Microsoft.Network/virtualNetworks/baptiste-dev-vnet",
      "type": "string"
    },
    "DEV-NAME": {
      "value": "baptiste-dev-vnet",
      "type": "string"
    },
    "PROD-ID": {
      "value": "/subscriptions/bda1d655-d024-4bd8-833c-1e832ad399ab/resourceGroups/baptiste-prod-rg/providers/Microsoft.Network/virtualNetworks/baptiste-prod-vnet",
      "type": "string"
    },
    "PROD-NAME": {
      "value": "baptiste-prod-vnet",
      "type": "string"
    }
  },
  "resources": [
    {
      "module": "module.vnet-dev",
      "mode": "managed",
      "type": "azurerm_resource_group",
      "name": "rg-01",
      "provider": "module.vnet-dev.provider[\"registry.terraform.io/hashicorp/azurerm\"]",
      "instances": [
        {
          "schema_version": 0,
          "attributes": {
            "id": "/subscriptions/bda1d655-d024-4bd8-833c-1e832ad399ab/resourceGroups/baptiste-dev-rg",
            "location": "westeurope",
            "name": "baptiste-dev-rg",
            "tags": null,
            "timeouts": null
          },
          "sensitive_attributes": [],
          "private": "eyJlMmJmYjczMC1lY2FhLTExZTYtOGY4OC0zNDM2M2JjN2M0YzAiOnsiY3JlYXRlIjo1NDAwMDAwMDAwMDAwLCJkZWxldGUiOjU0MDAwMDAwMDAwMDAsInJlYWQiOjMwMDAwMDAwMDAwMCwidXBkYXRlIjo1NDAwMDAwMDAwMDAwfX0="
        }
      ]
    },
    {
      "module": "module.vnet-dev",
      "mode": "managed",
      "type": "azurerm_subnet",
      "name": "sub-priv-01",
      "provider": "module.vnet-dev.provider[\"registry.terraform.io/hashicorp/azurerm\"]",
      "instances": [
        {
          "index_key": 0,
          "schema_version": 0,
          "attributes": {
            "address_prefixes": [
              "10.0.4.0/24"
            ],
            "delegation": [],
            "enforce_private_link_endpoint_network_policies": false,
            "enforce_private_link_service_network_policies": false,
            "id": "/subscriptions/bda1d655-d024-4bd8-833c-1e832ad399ab/resourceGroups/baptiste-dev-rg/providers/Microsoft.Network/virtualNetworks/baptiste-dev-vnet/subnets/baptiste-dev-sub-private-0",
            "name": "baptiste-dev-sub-private-0",
            "private_endpoint_network_policies_enabled": true,
            "private_link_service_network_policies_enabled": true,
            "resource_group_name": "baptiste-dev-rg",
            "service_endpoint_policy_ids": null,
            "service_endpoints": null,
            "timeouts": null,
            "virtual_network_name": "baptiste-dev-vnet"
          },
          "sensitive_attributes": [],
          "private": "eyJlMmJmYjczMC1lY2FhLTExZTYtOGY4OC0zNDM2M2JjN2M0YzAiOnsiY3JlYXRlIjoxODAwMDAwMDAwMDAwLCJkZWxldGUiOjE4MDAwMDAwMDAwMDAsInJlYWQiOjMwMDAwMDAwMDAwMCwidXBkYXRlIjoxODAwMDAwMDAwMDAwfX0=",
          "dependencies": [
            "module.vnet-dev.azurerm_resource_group.rg-01",
            "module.vnet-dev.azurerm_subnet.sub-pub-01",
            "module.vnet-dev.azurerm_virtual_network.vnet-01"
          ]
        },
        {
          "index_key": 1,
          "schema_version": 0,
          "attributes": {
            "address_prefixes": [
              "10.0.5.0/24"
            ],
            "delegation": [],
            "enforce_private_link_endpoint_network_policies": false,
            "enforce_private_link_service_network_policies": false,
            "id": "/subscriptions/bda1d655-d024-4bd8-833c-1e832ad399ab/resourceGroups/baptiste-dev-rg/providers/Microsoft.Network/virtualNetworks/baptiste-dev-vnet/subnets/baptiste-dev-sub-private-1",
            "name": "baptiste-dev-sub-private-1",
            "private_endpoint_network_policies_enabled": true,
            "private_link_service_network_policies_enabled": true,
            "resource_group_name": "baptiste-dev-rg",
            "service_endpoint_policy_ids": null,
            "service_endpoints": null,
            "timeouts": null,
            "virtual_network_name": "baptiste-dev-vnet"
          },
          "sensitive_attributes": [],
          "private": "eyJlMmJmYjczMC1lY2FhLTExZTYtOGY4OC0zNDM2M2JjN2M0YzAiOnsiY3JlYXRlIjoxODAwMDAwMDAwMDAwLCJkZWxldGUiOjE4MDAwMDAwMDAwMDAsInJlYWQiOjMwMDAwMDAwMDAwMCwidXBkYXRlIjoxODAwMDAwMDAwMDAwfX0=",
          "dependencies": [
            "module.vnet-dev.azurerm_resource_group.rg-01",
            "module.vnet-dev.azurerm_subnet.sub-pub-01",
            "module.vnet-dev.azurerm_virtual_network.vnet-01"
          ]
        },
        {
          "index_key": 2,
          "schema_version": 0,
          "attributes": {
            "address_prefixes": [
              "10.0.6.0/24"
            ],
            "delegation": [],
            "enforce_private_link_endpoint_network_policies": false,
            "enforce_private_link_service_network_policies": false,
            "id": "/subscriptions/bda1d655-d024-4bd8-833c-1e832ad399ab/resourceGroups/baptiste-dev-rg/providers/Microsoft.Network/virtualNetworks/baptiste-dev-vnet/subnets/baptiste-dev-sub-private-2",
            "name": "baptiste-dev-sub-private-2",
            "private_endpoint_network_policies_enabled": true,
            "private_link_service_network_policies_enabled": true,
            "resource_group_name": "baptiste-dev-rg",
            "service_endpoint_policy_ids": null,
            "service_endpoints": null,
            "timeouts": null,
            "virtual_network_name": "baptiste-dev-vnet"
          },
          "sensitive_attributes": [],
          "private": "eyJlMmJmYjczMC1lY2FhLTExZTYtOGY4OC0zNDM2M2JjN2M0YzAiOnsiY3JlYXRlIjoxODAwMDAwMDAwMDAwLCJkZWxldGUiOjE4MDAwMDAwMDAwMDAsInJlYWQiOjMwMDAwMDAwMDAwMCwidXBkYXRlIjoxODAwMDAwMDAwMDAwfX0=",
          "dependencies": [
            "module.vnet-dev.azurerm_resource_group.rg-01",
            "module.vnet-dev.azurerm_subnet.sub-pub-01",
            "module.vnet-dev.azurerm_virtual_network.vnet-01"
          ]
        }
      ]
    },
    {
      "module": "module.vnet-dev",
      "mode": "managed",
      "type": "azurerm_subnet",
      "name": "sub-pub-01",
      "provider": "module.vnet-dev.provider[\"registry.terraform.io/hashicorp/azurerm\"]",
      "instances": [
        {
          "index_key": 0,
          "schema_version": 0,
          "attributes": {
            "address_prefixes": [
              "10.0.1.0/24"
            ],
            "delegation": [],
            "enforce_private_link_endpoint_network_policies": false,
            "enforce_private_link_service_network_policies": false,
            "id": "/subscriptions/bda1d655-d024-4bd8-833c-1e832ad399ab/resourceGroups/baptiste-dev-rg/providers/Microsoft.Network/virtualNetworks/baptiste-dev-vnet/subnets/baptiste-dev-sub-pub-0",
            "name": "baptiste-dev-sub-pub-0",
            "private_endpoint_network_policies_enabled": true,
            "private_link_service_network_policies_enabled": true,
            "resource_group_name": "baptiste-dev-rg",
            "service_endpoint_policy_ids": null,
            "service_endpoints": null,
            "timeouts": null,
            "virtual_network_name": "baptiste-dev-vnet"
          },
          "sensitive_attributes": [],
          "private": "eyJlMmJmYjczMC1lY2FhLTExZTYtOGY4OC0zNDM2M2JjN2M0YzAiOnsiY3JlYXRlIjoxODAwMDAwMDAwMDAwLCJkZWxldGUiOjE4MDAwMDAwMDAwMDAsInJlYWQiOjMwMDAwMDAwMDAwMCwidXBkYXRlIjoxODAwMDAwMDAwMDAwfX0=",
          "dependencies": [
            "module.vnet-dev.azurerm_resource_group.rg-01",
            "module.vnet-dev.azurerm_virtual_network.vnet-01"
          ]
        },
        {
          "index_key": 1,
          "schema_version": 0,
          "attributes": {
            "address_prefixes": [
              "10.0.2.0/24"
            ],
            "delegation": [],
            "enforce_private_link_endpoint_network_policies": false,
            "enforce_private_link_service_network_policies": false,
            "id": "/subscriptions/bda1d655-d024-4bd8-833c-1e832ad399ab/resourceGroups/baptiste-dev-rg/providers/Microsoft.Network/virtualNetworks/baptiste-dev-vnet/subnets/baptiste-dev-sub-pub-1",
            "name": "baptiste-dev-sub-pub-1",
            "private_endpoint_network_policies_enabled": true,
            "private_link_service_network_policies_enabled": true,
            "resource_group_name": "baptiste-dev-rg",
            "service_endpoint_policy_ids": null,
            "service_endpoints": null,
            "timeouts": null,
            "virtual_network_name": "baptiste-dev-vnet"
          },
          "sensitive_attributes": [],
          "private": "eyJlMmJmYjczMC1lY2FhLTExZTYtOGY4OC0zNDM2M2JjN2M0YzAiOnsiY3JlYXRlIjoxODAwMDAwMDAwMDAwLCJkZWxldGUiOjE4MDAwMDAwMDAwMDAsInJlYWQiOjMwMDAwMDAwMDAwMCwidXBkYXRlIjoxODAwMDAwMDAwMDAwfX0=",
          "dependencies": [
            "module.vnet-dev.azurerm_resource_group.rg-01",
            "module.vnet-dev.azurerm_virtual_network.vnet-01"
          ]
        },
        {
          "index_key": 2,
          "schema_version": 0,
          "attributes": {
            "address_prefixes": [
              "10.0.3.0/24"
            ],
            "delegation": [],
            "enforce_private_link_endpoint_network_policies": false,
            "enforce_private_link_service_network_policies": false,
            "id": "/subscriptions/bda1d655-d024-4bd8-833c-1e832ad399ab/resourceGroups/baptiste-dev-rg/providers/Microsoft.Network/virtualNetworks/baptiste-dev-vnet/subnets/baptiste-dev-sub-pub-2",
            "name": "baptiste-dev-sub-pub-2",
            "private_endpoint_network_policies_enabled": true,
            "private_link_service_network_policies_enabled": true,
            "resource_group_name": "baptiste-dev-rg",
            "service_endpoint_policy_ids": null,
            "service_endpoints": null,
            "timeouts": null,
            "virtual_network_name": "baptiste-dev-vnet"
          },
          "sensitive_attributes": [],
          "private": "eyJlMmJmYjczMC1lY2FhLTExZTYtOGY4OC0zNDM2M2JjN2M0YzAiOnsiY3JlYXRlIjoxODAwMDAwMDAwMDAwLCJkZWxldGUiOjE4MDAwMDAwMDAwMDAsInJlYWQiOjMwMDAwMDAwMDAwMCwidXBkYXRlIjoxODAwMDAwMDAwMDAwfX0=",
          "dependencies": [
            "module.vnet-dev.azurerm_resource_group.rg-01",
            "module.vnet-dev.azurerm_virtual_network.vnet-01"
          ]
        }
      ]
    },
    {
      "module": "module.vnet-dev",
      "mode": "managed",
      "type": "azurerm_virtual_network",
      "name": "vnet-01",
      "provider": "module.vnet-dev.provider[\"registry.terraform.io/hashicorp/azurerm\"]",
      "instances": [
        {
          "schema_version": 0,
          "attributes": {
            "address_space": [
              "10.0.0.0/21"
            ],
            "bgp_community": "",
            "ddos_protection_plan": [],
            "dns_servers": [],
            "edge_zone": "",
            "flow_timeout_in_minutes": 0,
            "guid": "61840fbd-d71e-4731-a339-d71354c86032",
            "id": "/subscriptions/bda1d655-d024-4bd8-833c-1e832ad399ab/resourceGroups/baptiste-dev-rg/providers/Microsoft.Network/virtualNetworks/baptiste-dev-vnet",
            "location": "westeurope",
            "name": "baptiste-dev-vnet",
            "resource_group_name": "baptiste-dev-rg",
            "subnet": [],
            "tags": {
              "Owner": "Baptste"
            },
            "timeouts": null
          },
          "sensitive_attributes": [],
          "private": "eyJlMmJmYjczMC1lY2FhLTExZTYtOGY4OC0zNDM2M2JjN2M0YzAiOnsiY3JlYXRlIjoxODAwMDAwMDAwMDAwLCJkZWxldGUiOjE4MDAwMDAwMDAwMDAsInJlYWQiOjMwMDAwMDAwMDAwMCwidXBkYXRlIjoxODAwMDAwMDAwMDAwfX0=",
          "dependencies": [
            "module.vnet-dev.azurerm_resource_group.rg-01"
          ]
        }
      ]
    },
    {
      "module": "module.vnet-prod",
      "mode": "managed",
      "type": "azurerm_resource_group",
      "name": "rg-01",
      "provider": "module.vnet-prod.provider[\"registry.terraform.io/hashicorp/azurerm\"]",
      "instances": [
        {
          "schema_version": 0,
          "attributes": {
            "id": "/subscriptions/bda1d655-d024-4bd8-833c-1e832ad399ab/resourceGroups/baptiste-prod-rg",
            "location": "westeurope",
            "name": "baptiste-prod-rg",
            "tags": null,
            "timeouts": null
          },
          "sensitive_attributes": [],
          "private": "eyJlMmJmYjczMC1lY2FhLTExZTYtOGY4OC0zNDM2M2JjN2M0YzAiOnsiY3JlYXRlIjo1NDAwMDAwMDAwMDAwLCJkZWxldGUiOjU0MDAwMDAwMDAwMDAsInJlYWQiOjMwMDAwMDAwMDAwMCwidXBkYXRlIjo1NDAwMDAwMDAwMDAwfX0="
        }
      ]
    },
    {
      "module": "module.vnet-prod",
      "mode": "managed",
      "type": "azurerm_subnet",
      "name": "sub-priv-01",
      "provider": "module.vnet-prod.provider[\"registry.terraform.io/hashicorp/azurerm\"]",
      "instances": [
        {
          "index_key": 0,
          "schema_version": 0,
          "attributes": {
            "address_prefixes": [
              "10.11.4.0/24"
            ],
            "delegation": [],
            "enforce_private_link_endpoint_network_policies": false,
            "enforce_private_link_service_network_policies": false,
            "id": "/subscriptions/bda1d655-d024-4bd8-833c-1e832ad399ab/resourceGroups/baptiste-prod-rg/providers/Microsoft.Network/virtualNetworks/baptiste-prod-vnet/subnets/baptiste-prod-sub-private-0",
            "name": "baptiste-prod-sub-private-0",
            "private_endpoint_network_policies_enabled": true,
            "private_link_service_network_policies_enabled": true,
            "resource_group_name": "baptiste-prod-rg",
            "service_endpoint_policy_ids": null,
            "service_endpoints": null,
            "timeouts": null,
            "virtual_network_name": "baptiste-prod-vnet"
          },
          "sensitive_attributes": [],
          "private": "eyJlMmJmYjczMC1lY2FhLTExZTYtOGY4OC0zNDM2M2JjN2M0YzAiOnsiY3JlYXRlIjoxODAwMDAwMDAwMDAwLCJkZWxldGUiOjE4MDAwMDAwMDAwMDAsInJlYWQiOjMwMDAwMDAwMDAwMCwidXBkYXRlIjoxODAwMDAwMDAwMDAwfX0=",
          "dependencies": [
            "module.vnet-prod.azurerm_resource_group.rg-01",
            "module.vnet-prod.azurerm_subnet.sub-pub-01",
            "module.vnet-prod.azurerm_virtual_network.vnet-01"
          ]
        },
        {
          "index_key": 1,
          "schema_version": 0,
          "attributes": {
            "address_prefixes": [
              "10.11.5.0/24"
            ],
            "delegation": [],
            "enforce_private_link_endpoint_network_policies": false,
            "enforce_private_link_service_network_policies": false,
            "id": "/subscriptions/bda1d655-d024-4bd8-833c-1e832ad399ab/resourceGroups/baptiste-prod-rg/providers/Microsoft.Network/virtualNetworks/baptiste-prod-vnet/subnets/baptiste-prod-sub-private-1",
            "name": "baptiste-prod-sub-private-1",
            "private_endpoint_network_policies_enabled": true,
            "private_link_service_network_policies_enabled": true,
            "resource_group_name": "baptiste-prod-rg",
            "service_endpoint_policy_ids": null,
            "service_endpoints": null,
            "timeouts": null,
            "virtual_network_name": "baptiste-prod-vnet"
          },
          "sensitive_attributes": [],
          "private": "eyJlMmJmYjczMC1lY2FhLTExZTYtOGY4OC0zNDM2M2JjN2M0YzAiOnsiY3JlYXRlIjoxODAwMDAwMDAwMDAwLCJkZWxldGUiOjE4MDAwMDAwMDAwMDAsInJlYWQiOjMwMDAwMDAwMDAwMCwidXBkYXRlIjoxODAwMDAwMDAwMDAwfX0=",
          "dependencies": [
            "module.vnet-prod.azurerm_resource_group.rg-01",
            "module.vnet-prod.azurerm_subnet.sub-pub-01",
            "module.vnet-prod.azurerm_virtual_network.vnet-01"
          ]
        },
        {
          "index_key": 2,
          "schema_version": 0,
          "attributes": {
            "address_prefixes": [
              "10.11.6.0/24"
            ],
            "delegation": [],
            "enforce_private_link_endpoint_network_policies": false,
            "enforce_private_link_service_network_policies": false,
            "id": "/subscriptions/bda1d655-d024-4bd8-833c-1e832ad399ab/resourceGroups/baptiste-prod-rg/providers/Microsoft.Network/virtualNetworks/baptiste-prod-vnet/subnets/baptiste-prod-sub-private-2",
            "name": "baptiste-prod-sub-private-2",
            "private_endpoint_network_policies_enabled": true,
            "private_link_service_network_policies_enabled": true,
            "resource_group_name": "baptiste-prod-rg",
            "service_endpoint_policy_ids": null,
            "service_endpoints": null,
            "timeouts": null,
            "virtual_network_name": "baptiste-prod-vnet"
          },
          "sensitive_attributes": [],
          "private": "eyJlMmJmYjczMC1lY2FhLTExZTYtOGY4OC0zNDM2M2JjN2M0YzAiOnsiY3JlYXRlIjoxODAwMDAwMDAwMDAwLCJkZWxldGUiOjE4MDAwMDAwMDAwMDAsInJlYWQiOjMwMDAwMDAwMDAwMCwidXBkYXRlIjoxODAwMDAwMDAwMDAwfX0=",
          "dependencies": [
            "module.vnet-prod.azurerm_resource_group.rg-01",
            "module.vnet-prod.azurerm_subnet.sub-pub-01",
            "module.vnet-prod.azurerm_virtual_network.vnet-01"
          ]
        }
      ]
    },
    {
      "module": "module.vnet-prod",
      "mode": "managed",
      "type": "azurerm_subnet",
      "name": "sub-pub-01",
      "provider": "module.vnet-prod.provider[\"registry.terraform.io/hashicorp/azurerm\"]",
      "instances": [
        {
          "index_key": 0,
          "schema_version": 0,
          "attributes": {
            "address_prefixes": [
              "10.11.1.0/24"
            ],
            "delegation": [],
            "enforce_private_link_endpoint_network_policies": false,
            "enforce_private_link_service_network_policies": false,
            "id": "/subscriptions/bda1d655-d024-4bd8-833c-1e832ad399ab/resourceGroups/baptiste-prod-rg/providers/Microsoft.Network/virtualNetworks/baptiste-prod-vnet/subnets/baptiste-prod-sub-pub-0",
            "name": "baptiste-prod-sub-pub-0",
            "private_endpoint_network_policies_enabled": true,
            "private_link_service_network_policies_enabled": true,
            "resource_group_name": "baptiste-prod-rg",
            "service_endpoint_policy_ids": null,
            "service_endpoints": null,
            "timeouts": null,
            "virtual_network_name": "baptiste-prod-vnet"
          },
          "sensitive_attributes": [],
          "private": "eyJlMmJmYjczMC1lY2FhLTExZTYtOGY4OC0zNDM2M2JjN2M0YzAiOnsiY3JlYXRlIjoxODAwMDAwMDAwMDAwLCJkZWxldGUiOjE4MDAwMDAwMDAwMDAsInJlYWQiOjMwMDAwMDAwMDAwMCwidXBkYXRlIjoxODAwMDAwMDAwMDAwfX0=",
          "dependencies": [
            "module.vnet-prod.azurerm_resource_group.rg-01",
            "module.vnet-prod.azurerm_virtual_network.vnet-01"
          ]
        },
        {
          "index_key": 1,
          "schema_version": 0,
          "attributes": {
            "address_prefixes": [
              "10.11.2.0/24"
            ],
            "delegation": [],
            "enforce_private_link_endpoint_network_policies": false,
            "enforce_private_link_service_network_policies": false,
            "id": "/subscriptions/bda1d655-d024-4bd8-833c-1e832ad399ab/resourceGroups/baptiste-prod-rg/providers/Microsoft.Network/virtualNetworks/baptiste-prod-vnet/subnets/baptiste-prod-sub-pub-1",
            "name": "baptiste-prod-sub-pub-1",
            "private_endpoint_network_policies_enabled": true,
            "private_link_service_network_policies_enabled": true,
            "resource_group_name": "baptiste-prod-rg",
            "service_endpoint_policy_ids": null,
            "service_endpoints": null,
            "timeouts": null,
            "virtual_network_name": "baptiste-prod-vnet"
          },
          "sensitive_attributes": [],
          "private": "eyJlMmJmYjczMC1lY2FhLTExZTYtOGY4OC0zNDM2M2JjN2M0YzAiOnsiY3JlYXRlIjoxODAwMDAwMDAwMDAwLCJkZWxldGUiOjE4MDAwMDAwMDAwMDAsInJlYWQiOjMwMDAwMDAwMDAwMCwidXBkYXRlIjoxODAwMDAwMDAwMDAwfX0=",
          "dependencies": [
            "module.vnet-prod.azurerm_resource_group.rg-01",
            "module.vnet-prod.azurerm_virtual_network.vnet-01"
          ]
        },
        {
          "index_key": 2,
          "schema_version": 0,
          "attributes": {
            "address_prefixes": [
              "10.11.3.0/24"
            ],
            "delegation": [],
            "enforce_private_link_endpoint_network_policies": false,
            "enforce_private_link_service_network_policies": false,
            "id": "/subscriptions/bda1d655-d024-4bd8-833c-1e832ad399ab/resourceGroups/baptiste-prod-rg/providers/Microsoft.Network/virtualNetworks/baptiste-prod-vnet/subnets/baptiste-prod-sub-pub-2",
            "name": "baptiste-prod-sub-pub-2",
            "private_endpoint_network_policies_enabled": true,
            "private_link_service_network_policies_enabled": true,
            "resource_group_name": "baptiste-prod-rg",
            "service_endpoint_policy_ids": null,
            "service_endpoints": null,
            "timeouts": null,
            "virtual_network_name": "baptiste-prod-vnet"
          },
          "sensitive_attributes": [],
          "private": "eyJlMmJmYjczMC1lY2FhLTExZTYtOGY4OC0zNDM2M2JjN2M0YzAiOnsiY3JlYXRlIjoxODAwMDAwMDAwMDAwLCJkZWxldGUiOjE4MDAwMDAwMDAwMDAsInJlYWQiOjMwMDAwMDAwMDAwMCwidXBkYXRlIjoxODAwMDAwMDAwMDAwfX0=",
          "dependencies": [
            "module.vnet-prod.azurerm_resource_group.rg-01",
            "module.vnet-prod.azurerm_virtual_network.vnet-01"
          ]
        }
      ]
    },
    {
      "module": "module.vnet-prod",
      "mode": "managed",
      "type": "azurerm_virtual_network",
      "name": "vnet-01",
      "provider": "module.vnet-prod.provider[\"registry.terraform.io/hashicorp/azurerm\"]",
      "instances": [
        {
          "schema_version": 0,
          "attributes": {
            "address_space": [
              "10.11.0.0/21"
            ],
            "bgp_community": "",
            "ddos_protection_plan": [],
            "dns_servers": [],
            "edge_zone": "",
            "flow_timeout_in_minutes": 0,
            "guid": "e9e75f99-3f9b-4f9c-9abb-343071aec49e",
            "id": "/subscriptions/bda1d655-d024-4bd8-833c-1e832ad399ab/resourceGroups/baptiste-prod-rg/providers/Microsoft.Network/virtualNetworks/baptiste-prod-vnet",
            "location": "westeurope",
            "name": "baptiste-prod-vnet",
            "resource_group_name": "baptiste-prod-rg",
            "subnet": [],
            "tags": {
              "Owner": "Baptste"
            },
            "timeouts": null
          },
          "sensitive_attributes": [],
          "private": "eyJlMmJmYjczMC1lY2FhLTExZTYtOGY4OC0zNDM2M2JjN2M0YzAiOnsiY3JlYXRlIjoxODAwMDAwMDAwMDAwLCJkZWxldGUiOjE4MDAwMDAwMDAwMDAsInJlYWQiOjMwMDAwMDAwMDAwMCwidXBkYXRlIjoxODAwMDAwMDAwMDAwfX0=",
          "dependencies": [
            "module.vnet-prod.azurerm_resource_group.rg-01"
          ]
        }
      ]
    }
  ],
  "check_results": null
}
